
Microsoft Visual Studio Solution File, Format Version 12.00
# Visual Studio Version 16
VisualStudioVersion = 16.0.29709.97
MinimumVisualStudioVersion = 10.0.40219.1
Project("{9A19103F-16F7-4668-BE54-9A1E7A4F7556}") = "NuGet.Quality", "NuGet.Quality.csproj", "{B9B637B6-0B8B-40BF-8708-74EC2F93519C}"
EndProject
Global
	GlobalSection(SolutionConfigurationPlatforms) = preSolution
		Debug|Any CPU = Debug|Any CPU
		Release|Any CPU = Release|Any CPU
	EndGlobalSection
	GlobalSection(ProjectConfigurationPlatforms) = postSolution
		{B9B637B6-0B8B-40BF-8708-74EC2F93519C}.Debug|Any CPU.ActiveCfg = Debug|Any CPU
		{B9B637B6-0B8B-40BF-8708-74EC2F93519C}.Debug|Any CPU.Build.0 = Debug|Any CPU
		{B9B637B6-0B8B-40BF-8708-74EC2F93519C}.Release|Any CPU.ActiveCfg = Release|Any CPU
		{B9B637B6-0B8B-40BF-8708-74EC2F93519C}.Release|Any CPU.Build.0 = Release|Any CPU
	EndGlobalSection
	GlobalSection(SolutionProperties) = preSolution
		HideSolutionNode = FALSE
	EndGlobalSection
	GlobalSection(ExtensibilityGlobals) = postSolution
		SolutionGuid = {5995B07D-B9A8-4B13-B8B2-2FE223DD8CE7}
	EndGlobalSection
EndGlobal
